
Microsoft Visual Studio Solution File, Format Version 12.00
# Visual Studio Version 17
VisualStudioVersion = 17.2.32630.192
MinimumVisualStudioVersion = 10.0.40219.1
Project("{F184B08F-C81C-45F6-A57F-5ABD9991F28F}") = "Modul01_HelloWorld", "HelloWorld\Modul01_HelloWorld.vbproj", "{46A87BA6-C66D-46EA-A142-29D57BDE6505}"
EndProject
Project("{F184B08F-C81C-45F6-A57F-5ABD9991F28F}") = "Lab01_MiniRechner", "MiniRechner\Lab01_MiniRechner.vbproj", "{27193B2E-62B8-4FA2-A2E1-AFF0D13C6027}"
EndProject
Project("{F184B08F-C81C-45F6-A57F-5ABD9991F28F}") = "Kontrollstrukturen", "Kontrollstrukturen\Kontrollstrukturen.vbproj", "{7B658246-3553-4F11-8B36-49629C72FC8B}"
EndProject
Project("{F184B08F-C81C-45F6-A57F-5ABD9991F28F}") = "Zufallszahlenraten", "Zufallszahlenraten\Zufallszahlenraten.vbproj", "{0FDD7225-F7A6-4C37-A6D3-BEF306D9DF90}"
EndProject
Global
	GlobalSection(SolutionConfigurationPlatforms) = preSolution
		Debug|Any CPU = Debug|Any CPU
		Release|Any CPU = Release|Any CPU
	EndGlobalSection
	GlobalSection(ProjectConfigurationPlatforms) = postSolution
		{46A87BA6-C66D-46EA-A142-29D57BDE6505}.Debug|Any CPU.ActiveCfg = Debug|Any CPU
		{46A87BA6-C66D-46EA-A142-29D57BDE6505}.Debug|Any CPU.Build.0 = Debug|Any CPU
		{46A87BA6-C66D-46EA-A142-29D57BDE6505}.Release|Any CPU.ActiveCfg = Release|Any CPU
		{46A87BA6-C66D-46EA-A142-29D57BDE6505}.Release|Any CPU.Build.0 = Release|Any CPU
		{27193B2E-62B8-4FA2-A2E1-AFF0D13C6027}.Debug|Any CPU.ActiveCfg = Debug|Any CPU
		{27193B2E-62B8-4FA2-A2E1-AFF0D13C6027}.Debug|Any CPU.Build.0 = Debug|Any CPU
		{27193B2E-62B8-4FA2-A2E1-AFF0D13C6027}.Release|Any CPU.ActiveCfg = Release|Any CPU
		{27193B2E-62B8-4FA2-A2E1-AFF0D13C6027}.Release|Any CPU.Build.0 = Release|Any CPU
		{7B658246-3553-4F11-8B36-49629C72FC8B}.Debug|Any CPU.ActiveCfg = Debug|Any CPU
		{7B658246-3553-4F11-8B36-49629C72FC8B}.Debug|Any CPU.Build.0 = Debug|Any CPU
		{7B658246-3553-4F11-8B36-49629C72FC8B}.Release|Any CPU.ActiveCfg = Release|Any CPU
		{7B658246-3553-4F11-8B36-49629C72FC8B}.Release|Any CPU.Build.0 = Release|Any CPU
		{0FDD7225-F7A6-4C37-A6D3-BEF306D9DF90}.Debug|Any CPU.ActiveCfg = Debug|Any CPU
		{0FDD7225-F7A6-4C37-A6D3-BEF306D9DF90}.Debug|Any CPU.Build.0 = Debug|Any CPU
		{0FDD7225-F7A6-4C37-A6D3-BEF306D9DF90}.Release|Any CPU.ActiveCfg = Release|Any CPU
		{0FDD7225-F7A6-4C37-A6D3-BEF306D9DF90}.Release|Any CPU.Build.0 = Release|Any CPU
	EndGlobalSection
	GlobalSection(SolutionProperties) = preSolution
		HideSolutionNode = FALSE
	EndGlobalSection
	GlobalSection(ExtensibilityGlobals) = postSolution
		SolutionGuid = {61EC5AAF-59B6-4169-AFCC-FF65D42E5251}
	EndGlobalSection
EndGlobal
