
Microsoft Visual Studio Solution File, Format Version 12.00
# Visual Studio Version 17
VisualStudioVersion = 17.2.32630.192
MinimumVisualStudioVersion = 10.0.40219.1
Project("{F184B08F-C81C-45F6-A57F-5ABD9991F28F}") = "Modul01_HelloWorld", "HelloWorld\Modul01_HelloWorld.vbproj", "{46A87BA6-C66D-46EA-A142-29D57BDE6505}"
EndProject
Project("{F184B08F-C81C-45F6-A57F-5ABD9991F28F}") = "Lab01_MiniRechner", "MiniRechner\Lab01_MiniRechner.vbproj", "{27193B2E-62B8-4FA2-A2E1-AFF0D13C6027}"
EndProject
Project("{F184B08F-C81C-45F6-A57F-5ABD9991F28F}") = "Modul02.1_Kontrollstrukturen", "Kontrollstrukturen\Modul02.1_Kontrollstrukturen.vbproj", "{7B658246-3553-4F11-8B36-49629C72FC8B}"
EndProject
Project("{F184B08F-C81C-45F6-A57F-5ABD9991F28F}") = "Modul02.2_Zufallszahlenraten", "Zufallszahlenraten\Modul02.2_Zufallszahlenraten.vbproj", "{0FDD7225-F7A6-4C37-A6D3-BEF306D9DF90}"
EndProject
Project("{F184B08F-C81C-45F6-A57F-5ABD9991F28F}") = "Lab02_Lotto", "Lotto\Lab02_Lotto.vbproj", "{3A3A3F8C-13DC-4758-A156-859F52C2B8A5}"
EndProject
Project("{F184B08F-C81C-45F6-A57F-5ABD9991F28F}") = "Modul03_Enums", "Enums\Modul03_Enums.vbproj", "{F14F2343-E58B-4A10-9517-B3D9036EF886}"
EndProject
Project("{F184B08F-C81C-45F6-A57F-5ABD9991F28F}") = "Modul04_Funktionen", "Funktionen\Modul04_Funktionen.vbproj", "{A06541C0-518B-44B9-8834-0B66AA52ED03}"
EndProject
Project("{F184B08F-C81C-45F6-A57F-5ABD9991F28F}") = "Lab04_Taschenrechner", "Taschenrechner\Lab04_Taschenrechner.vbproj", "{A7132F1F-9218-40B7-BDC5-5F706C422F62}"
EndProject
Project("{F184B08F-C81C-45F6-A57F-5ABD9991F28F}") = "Modul05-09_Fahrzeugpark", "Fahrzeugpark\Modul05-09_Fahrzeugpark.vbproj", "{D8E24AB7-2D3C-4AB6-AACD-271BC39ABD60}"
EndProject
Project("{F184B08F-C81C-45F6-A57F-5ABD9991F28F}") = "Modul05-09_TesteFahrzeugpark", "TesteFahrzeugpark\Modul05-09_TesteFahrzeugpark.vbproj", "{455A17D9-BAE8-4632-BB4D-A4C4E68ACCDA}"
EndProject
Project("{F184B08F-C81C-45F6-A57F-5ABD9991F28F}") = "Modul06_WerteVsReferenzen", "WerteVsReferenzen\Modul06_WerteVsReferenzen.vbproj", "{14AB059C-772B-419D-9821-610666412EEA}"
EndProject
Project("{F184B08F-C81C-45F6-A57F-5ABD9991F28F}") = "Modul10_ExceptionHandling", "ExceptionHandling\Modul10_ExceptionHandling.vbproj", "{2DC9ECB4-37A4-43C8-A100-DB10E06A24F0}"
EndProject
Project("{F184B08F-C81C-45F6-A57F-5ABD9991F28F}") = "Modul11_UnitTests", "UnitTests\Modul11_UnitTests.vbproj", "{93383320-AA01-4BC8-88C2-F8D8479EEEC9}"
EndProject
Project("{F184B08F-C81C-45F6-A57F-5ABD9991F28F}") = "Modul12_Delegates", "Delegates\Modul12_Delegates.vbproj", "{E8C255E5-D974-47D8-A018-ED9844402C39}"
EndProject
Project("{F184B08F-C81C-45F6-A57F-5ABD9991F28F}") = "Modul13_WinFormsBsp", "WinFormsBsp\Modul13_WinFormsBsp.vbproj", "{2357869A-849E-4855-A0FB-5EE799423BF6}"
EndProject
Project("{F184B08F-C81C-45F6-A57F-5ABD9991F28F}") = "Lab13_BewegendeButtons", "BewegendeButtons\Lab13_BewegendeButtons.vbproj", "{BB468CB1-1BCD-434E-B727-580FCEB857BC}"
EndProject
Project("{F184B08F-C81C-45F6-A57F-5ABD9991F28F}") = "Modul14_Dateizugriff", "Dateizugriff\Modul14_Dateizugriff.vbproj", "{2D1DC250-5581-4933-BB5F-DCCF7F5AE7BC}"
EndProject
Global
	GlobalSection(SolutionConfigurationPlatforms) = preSolution
		Debug|Any CPU = Debug|Any CPU
		Release|Any CPU = Release|Any CPU
	EndGlobalSection
	GlobalSection(ProjectConfigurationPlatforms) = postSolution
		{46A87BA6-C66D-46EA-A142-29D57BDE6505}.Debug|Any CPU.ActiveCfg = Debug|Any CPU
		{46A87BA6-C66D-46EA-A142-29D57BDE6505}.Debug|Any CPU.Build.0 = Debug|Any CPU
		{46A87BA6-C66D-46EA-A142-29D57BDE6505}.Release|Any CPU.ActiveCfg = Release|Any CPU
		{46A87BA6-C66D-46EA-A142-29D57BDE6505}.Release|Any CPU.Build.0 = Release|Any CPU
		{27193B2E-62B8-4FA2-A2E1-AFF0D13C6027}.Debug|Any CPU.ActiveCfg = Debug|Any CPU
		{27193B2E-62B8-4FA2-A2E1-AFF0D13C6027}.Debug|Any CPU.Build.0 = Debug|Any CPU
		{27193B2E-62B8-4FA2-A2E1-AFF0D13C6027}.Release|Any CPU.ActiveCfg = Release|Any CPU
		{27193B2E-62B8-4FA2-A2E1-AFF0D13C6027}.Release|Any CPU.Build.0 = Release|Any CPU
		{7B658246-3553-4F11-8B36-49629C72FC8B}.Debug|Any CPU.ActiveCfg = Debug|Any CPU
		{7B658246-3553-4F11-8B36-49629C72FC8B}.Debug|Any CPU.Build.0 = Debug|Any CPU
		{7B658246-3553-4F11-8B36-49629C72FC8B}.Release|Any CPU.ActiveCfg = Release|Any CPU
		{7B658246-3553-4F11-8B36-49629C72FC8B}.Release|Any CPU.Build.0 = Release|Any CPU
		{0FDD7225-F7A6-4C37-A6D3-BEF306D9DF90}.Debug|Any CPU.ActiveCfg = Debug|Any CPU
		{0FDD7225-F7A6-4C37-A6D3-BEF306D9DF90}.Debug|Any CPU.Build.0 = Debug|Any CPU
		{0FDD7225-F7A6-4C37-A6D3-BEF306D9DF90}.Release|Any CPU.ActiveCfg = Release|Any CPU
		{0FDD7225-F7A6-4C37-A6D3-BEF306D9DF90}.Release|Any CPU.Build.0 = Release|Any CPU
		{3A3A3F8C-13DC-4758-A156-859F52C2B8A5}.Debug|Any CPU.ActiveCfg = Debug|Any CPU
		{3A3A3F8C-13DC-4758-A156-859F52C2B8A5}.Debug|Any CPU.Build.0 = Debug|Any CPU
		{3A3A3F8C-13DC-4758-A156-859F52C2B8A5}.Release|Any CPU.ActiveCfg = Release|Any CPU
		{3A3A3F8C-13DC-4758-A156-859F52C2B8A5}.Release|Any CPU.Build.0 = Release|Any CPU
		{F14F2343-E58B-4A10-9517-B3D9036EF886}.Debug|Any CPU.ActiveCfg = Debug|Any CPU
		{F14F2343-E58B-4A10-9517-B3D9036EF886}.Debug|Any CPU.Build.0 = Debug|Any CPU
		{F14F2343-E58B-4A10-9517-B3D9036EF886}.Release|Any CPU.ActiveCfg = Release|Any CPU
		{F14F2343-E58B-4A10-9517-B3D9036EF886}.Release|Any CPU.Build.0 = Release|Any CPU
		{A06541C0-518B-44B9-8834-0B66AA52ED03}.Debug|Any CPU.ActiveCfg = Debug|Any CPU
		{A06541C0-518B-44B9-8834-0B66AA52ED03}.Debug|Any CPU.Build.0 = Debug|Any CPU
		{A06541C0-518B-44B9-8834-0B66AA52ED03}.Release|Any CPU.ActiveCfg = Release|Any CPU
		{A06541C0-518B-44B9-8834-0B66AA52ED03}.Release|Any CPU.Build.0 = Release|Any CPU
		{A7132F1F-9218-40B7-BDC5-5F706C422F62}.Debug|Any CPU.ActiveCfg = Debug|Any CPU
		{A7132F1F-9218-40B7-BDC5-5F706C422F62}.Debug|Any CPU.Build.0 = Debug|Any CPU
		{A7132F1F-9218-40B7-BDC5-5F706C422F62}.Release|Any CPU.ActiveCfg = Release|Any CPU
		{A7132F1F-9218-40B7-BDC5-5F706C422F62}.Release|Any CPU.Build.0 = Release|Any CPU
		{D8E24AB7-2D3C-4AB6-AACD-271BC39ABD60}.Debug|Any CPU.ActiveCfg = Debug|Any CPU
		{D8E24AB7-2D3C-4AB6-AACD-271BC39ABD60}.Debug|Any CPU.Build.0 = Debug|Any CPU
		{D8E24AB7-2D3C-4AB6-AACD-271BC39ABD60}.Release|Any CPU.ActiveCfg = Release|Any CPU
		{D8E24AB7-2D3C-4AB6-AACD-271BC39ABD60}.Release|Any CPU.Build.0 = Release|Any CPU
		{455A17D9-BAE8-4632-BB4D-A4C4E68ACCDA}.Debug|Any CPU.ActiveCfg = Debug|Any CPU
		{455A17D9-BAE8-4632-BB4D-A4C4E68ACCDA}.Debug|Any CPU.Build.0 = Debug|Any CPU
		{455A17D9-BAE8-4632-BB4D-A4C4E68ACCDA}.Release|Any CPU.ActiveCfg = Release|Any CPU
		{455A17D9-BAE8-4632-BB4D-A4C4E68ACCDA}.Release|Any CPU.Build.0 = Release|Any CPU
		{14AB059C-772B-419D-9821-610666412EEA}.Debug|Any CPU.ActiveCfg = Debug|Any CPU
		{14AB059C-772B-419D-9821-610666412EEA}.Debug|Any CPU.Build.0 = Debug|Any CPU
		{14AB059C-772B-419D-9821-610666412EEA}.Release|Any CPU.ActiveCfg = Release|Any CPU
		{14AB059C-772B-419D-9821-610666412EEA}.Release|Any CPU.Build.0 = Release|Any CPU
		{2DC9ECB4-37A4-43C8-A100-DB10E06A24F0}.Debug|Any CPU.ActiveCfg = Debug|Any CPU
		{2DC9ECB4-37A4-43C8-A100-DB10E06A24F0}.Debug|Any CPU.Build.0 = Debug|Any CPU
		{2DC9ECB4-37A4-43C8-A100-DB10E06A24F0}.Release|Any CPU.ActiveCfg = Release|Any CPU
		{2DC9ECB4-37A4-43C8-A100-DB10E06A24F0}.Release|Any CPU.Build.0 = Release|Any CPU
		{93383320-AA01-4BC8-88C2-F8D8479EEEC9}.Debug|Any CPU.ActiveCfg = Debug|Any CPU
		{93383320-AA01-4BC8-88C2-F8D8479EEEC9}.Debug|Any CPU.Build.0 = Debug|Any CPU
		{93383320-AA01-4BC8-88C2-F8D8479EEEC9}.Release|Any CPU.ActiveCfg = Release|Any CPU
		{93383320-AA01-4BC8-88C2-F8D8479EEEC9}.Release|Any CPU.Build.0 = Release|Any CPU
		{E8C255E5-D974-47D8-A018-ED9844402C39}.Debug|Any CPU.ActiveCfg = Debug|Any CPU
		{E8C255E5-D974-47D8-A018-ED9844402C39}.Debug|Any CPU.Build.0 = Debug|Any CPU
		{E8C255E5-D974-47D8-A018-ED9844402C39}.Release|Any CPU.ActiveCfg = Release|Any CPU
		{E8C255E5-D974-47D8-A018-ED9844402C39}.Release|Any CPU.Build.0 = Release|Any CPU
		{2357869A-849E-4855-A0FB-5EE799423BF6}.Debug|Any CPU.ActiveCfg = Debug|Any CPU
		{2357869A-849E-4855-A0FB-5EE799423BF6}.Debug|Any CPU.Build.0 = Debug|Any CPU
		{2357869A-849E-4855-A0FB-5EE799423BF6}.Release|Any CPU.ActiveCfg = Release|Any CPU
		{2357869A-849E-4855-A0FB-5EE799423BF6}.Release|Any CPU.Build.0 = Release|Any CPU
		{BB468CB1-1BCD-434E-B727-580FCEB857BC}.Debug|Any CPU.ActiveCfg = Debug|Any CPU
		{BB468CB1-1BCD-434E-B727-580FCEB857BC}.Debug|Any CPU.Build.0 = Debug|Any CPU
		{BB468CB1-1BCD-434E-B727-580FCEB857BC}.Release|Any CPU.ActiveCfg = Release|Any CPU
		{BB468CB1-1BCD-434E-B727-580FCEB857BC}.Release|Any CPU.Build.0 = Release|Any CPU
		{2D1DC250-5581-4933-BB5F-DCCF7F5AE7BC}.Debug|Any CPU.ActiveCfg = Debug|Any CPU
		{2D1DC250-5581-4933-BB5F-DCCF7F5AE7BC}.Debug|Any CPU.Build.0 = Debug|Any CPU
		{2D1DC250-5581-4933-BB5F-DCCF7F5AE7BC}.Release|Any CPU.ActiveCfg = Release|Any CPU
		{2D1DC250-5581-4933-BB5F-DCCF7F5AE7BC}.Release|Any CPU.Build.0 = Release|Any CPU
	EndGlobalSection
	GlobalSection(SolutionProperties) = preSolution
		HideSolutionNode = FALSE
	EndGlobalSection
	GlobalSection(ExtensibilityGlobals) = postSolution
		SolutionGuid = {61EC5AAF-59B6-4169-AFCC-FF65D42E5251}
	EndGlobalSection
EndGlobal
